<?xml version="1.0" encoding="utf-8"?>
<Project ToolsVersion="4.0" xmlns="http://schemas.microsoft.com/developer/msbuild/2003">
  <ItemGroup>
    <Filter Include="PixelBrahma">
      <UniqueIdentifier>{F2E5D12C-5E9B-4A22-E78F-44F953444126}</UniqueIdentifier>
    </Filter>
    <Filter Include="PixelBrahma\Events">
      <UniqueIdentifier>{962DCF7C-8211-90D2-EB71-8A25D7747A54}</UniqueIdentifier>
    </Filter>
    <Filter Include="PixelBrahma\ImGui">
      <UniqueIdentifier>{9C887FD5-089F-7D6B-5116-098DBD6B4EF3}</UniqueIdentifier>
    </Filter>
    <Filter Include="PixelBrahma\Layers">
      <UniqueIdentifier>{7118B28B-5DFC-72E1-C65C-6D34B25F5D63}</UniqueIdentifier>
    </Filter>
    <Filter Include="Platform">
      <UniqueIdentifier>{2AC788B4-1694-E3BF-3FAD-D1672BD9184E}</UniqueIdentifier>
    </Filter>
    <Filter Include="Platform\OpenGL">
      <UniqueIdentifier>{1E7D2C1D-8A08-9AE1-9319-1DD6FF23F6E1}</UniqueIdentifier>
    </Filter>
    <Filter Include="Platform\Windows">
      <UniqueIdentifier>{64FBD71A-50F4-F66C-7926-DCF1657ED678}</UniqueIdentifier>
    </Filter>
  </ItemGroup>
  <ItemGroup>
    <ClInclude Include="src\PixelBrahma.h" />
    <ClInclude Include="src\PixelBrahma\Application.h">
      <Filter>PixelBrahma</Filter>
    </ClInclude>
    <ClInclude Include="src\PixelBrahma\Core.h">
      <Filter>PixelBrahma</Filter>
    </ClInclude>
    <ClInclude Include="src\PixelBrahma\EntryPoint.h">
      <Filter>PixelBrahma</Filter>
    </ClInclude>
    <ClInclude Include="src\PixelBrahma\Events\ApplicationEvent.h">
      <Filter>PixelBrahma\Events</Filter>
    </ClInclude>
    <ClInclude Include="src\PixelBrahma\Events\Event.h">
      <Filter>PixelBrahma\Events</Filter>
    </ClInclude>
    <ClInclude Include="src\PixelBrahma\Events\KeyEvent.h">
      <Filter>PixelBrahma\Events</Filter>
    </ClInclude>
    <ClInclude Include="src\PixelBrahma\Events\MouseEvent.h">
      <Filter>PixelBrahma\Events</Filter>
    </ClInclude>
    <ClInclude Include="src\PixelBrahma\ImGui\ImGuiLayer.h">
      <Filter>PixelBrahma\ImGui</Filter>
    </ClInclude>
    <ClInclude Include="src\PixelBrahma\Layers\Layer.h">
      <Filter>PixelBrahma\Layers</Filter>
    </ClInclude>
    <ClInclude Include="src\PixelBrahma\Layers\LayerStack.h">
      <Filter>PixelBrahma\Layers</Filter>
    </ClInclude>
    <ClInclude Include="src\PixelBrahma\Log.h">
      <Filter>PixelBrahma</Filter>
    </ClInclude>
    <ClInclude Include="src\PixelBrahma\Window.h">
      <Filter>PixelBrahma</Filter>
    </ClInclude>
    <ClInclude Include="src\Platform\OpenGL\ImGuiOpenGLRenderer.h">
      <Filter>Platform\OpenGL</Filter>
    </ClInclude>
    <ClInclude Include="src\Platform\Windows\WindowsWindow.h">
      <Filter>Platform\Windows</Filter>
    </ClInclude>
    <ClInclude Include="src\pbpch.h" />
    <ClInclude Include="src\PixelBrahma\Input.h" />
    <ClInclude Include="src\Platform\Windows\WindowsInput.h" />
  </ItemGroup>
  <ItemGroup>
    <ClCompile Include="src\PixelBrahma\Application.cpp">
      <Filter>PixelBrahma</Filter>
    </ClCompile>
    <ClCompile Include="src\PixelBrahma\ImGui\ImGuiLayer.cpp">
      <Filter>PixelBrahma\ImGui</Filter>
    </ClCompile>
    <ClCompile Include="src\PixelBrahma\Layers\Layer.cpp">
      <Filter>PixelBrahma\Layers</Filter>
    </ClCompile>
    <ClCompile Include="src\PixelBrahma\Layers\LayerStack.cpp">
      <Filter>PixelBrahma\Layers</Filter>
    </ClCompile>
    <ClCompile Include="src\PixelBrahma\Log.cpp">
      <Filter>PixelBrahma</Filter>
    </ClCompile>
    <ClCompile Include="src\Platform\OpenGL\ImGuiOpenGLRenderer.cpp">
      <Filter>Platform\OpenGL</Filter>
    </ClCompile>
    <ClCompile Include="src\Platform\Windows\WindowsWindow.cpp">
      <Filter>Platform\Windows</Filter>
    </ClCompile>
    <ClCompile Include="src\pbpch.cpp" />
    <ClCompile Include="src\Platform\Windows\WindowsInput.cpp" />
  </ItemGroup>
</Project>