<?xml version="1.0" encoding="utf-8"?>
<Project ToolsVersion="4.0" xmlns="http://schemas.microsoft.com/developer/msbuild/2003">
  <ItemGroup>
    <Filter Include="PixelBrahma">
      <UniqueIdentifier>{F2E5D12C-5E9B-4A22-E78F-44F953444126}</UniqueIdentifier>
    </Filter>
  </ItemGroup>
  <ItemGroup>
    <ClInclude Include="src\PixelBrahma.h" />
    <ClInclude Include="src\PixelBrahma\Application.h">
      <Filter>PixelBrahma</Filter>
    </ClInclude>
    <ClInclude Include="src\PixelBrahma\Core.h">
      <Filter>PixelBrahma</Filter>
    </ClInclude>
    <ClInclude Include="src\PixelBrahma\EntryPoint.h">
      <Filter>PixelBrahma</Filter>
    </ClInclude>
    <ClInclude Include="src\PixelBrahma\Log.h">
      <Filter>PixelBrahma</Filter>
    </ClInclude>
  </ItemGroup>
  <ItemGroup>
    <ClCompile Include="src\PixelBrahma\Application.cpp">
      <Filter>PixelBrahma</Filter>
    </ClCompile>
    <ClCompile Include="src\PixelBrahma\Log.cpp">
      <Filter>PixelBrahma</Filter>
    </ClCompile>
  </ItemGroup>
</Project>